# THIS IS AN AUTOGENERATED FILE. DO NOT EDIT THIS FILE DIRECTLY.
# yarn lockfile v1


"@grammyjs/hydrate@^1.3.1":
  version "1.3.1"
  resolved "https://registry.yarnpkg.com/@grammyjs/hydrate/-/hydrate-1.3.1.tgz#34143936fe1bff0278e13ff20f5ec5d8d522f4d8"
  integrity sha512-WvUuRBSq81oCuRLLDS6MkLQrSqM0CSiTesPIitQeBcCFy4Y+r9GKbnjBENaPc1AEucjfgT6XLqeeJTbfBLyMsg==
  dependencies:
    abort-controller "^3.0.0"

"@grammyjs/runner@^2.0.3":
  version "2.0.3"
  resolved "https://registry.yarnpkg.com/@grammyjs/runner/-/runner-2.0.3.tgz#cfb08958fd563ce1e0eda5754a40b3d632c4eaa1"
  integrity sha512-nckmTs1dPWfVQteK9cxqxzE+0m1VRvluLWB8UgFzsjg62w3qthPJt0TYtJBEdG7OedvfQq4vnFAyE6iaMkR42A==
  dependencies:
    abort-controller "^3.0.0"

"@grammyjs/types@3.1.2":
  version "3.1.2"
  resolved "https://registry.yarnpkg.com/@grammyjs/types/-/types-3.1.2.tgz#8240826266574e46b14a34783251b11528ce63f1"
  integrity sha512-AsSkTUfZCfSEIacUBOQ94qLbZZy3UofkschWv4uBJKEHjuEfGnjeZZgiwhDfTDjmpmW+MbcasvS+FEfD2jiSLw==

abort-controller@^3.0.0:
  version "3.0.0"
  resolved "https://registry.yarnpkg.com/abort-controller/-/abort-controller-3.0.0.tgz#eaf54d53b62bae4138e809ca225c8439a6efb392"
  integrity sha512-h8lQ8tacZYnR3vNQTgibj+tODHI5/+l06Au2Pcriv/Gmet0eaj4TwWH41sO9wnHDiQsEj19q0drzdWdeAHtweg==
  dependencies:
    event-target-shim "^5.0.0"

claude-ai@^1.2.0:
  version "1.2.1"
  resolved "https://registry.yarnpkg.com/claude-ai/-/claude-ai-1.2.1.tgz#76f4d6d988c84f3b9316d19921c0951c945e60a2"
  integrity sha512-neQU+ndbCTGs6lVbtR6X7W2X0JyBfjv5ntct/fMvbvI327m01px3h3TDPAqUKk1uFmX+gecUGDB+ZlYRxxyQeg==
  dependencies:
    isomorphic-fetch "^3.0.0"

debug@^4.3.4:
  version "4.3.4"
  resolved "https://registry.yarnpkg.com/debug/-/debug-4.3.4.tgz#1319f6579357f2338d3337d2cdd4914bb5dcc865"
  integrity sha512-PRWFHuSU3eDtQJPvnNY7Jcket1j0t5OuOsFzPPzsekD52Zl8qUfFIPEiswXqIvHWGVHOgX+7G/vCNNhehwxfkQ==
  dependencies:
    ms "2.1.2"

dotenv@^16.3.1:
  version "16.3.1"
  resolved "https://registry.yarnpkg.com/dotenv/-/dotenv-16.3.1.tgz#369034de7d7e5b120972693352a3bf112172cc3e"
  integrity sha512-IPzF4w4/Rd94bA9imS68tZBaYyBWSCE47V1RGuMrB94iyTOIEwRmVL2x/4An+6mETpLrKJ5hQkB8W4kFAadeIQ==

event-target-shim@^5.0.0:
  version "5.0.1"
  resolved "https://registry.yarnpkg.com/event-target-shim/-/event-target-shim-5.0.1.tgz#5d4d3ebdf9583d63a5333ce2deb7480ab2b05789"
  integrity sha512-i/2XbnSz/uxRCU6+NdVJgKWDTM427+MqYbkQzD321DuCQJUqOuJKIA0IM2+W2xtYHdKOmZ4dR6fExsd4SXL+WQ==

grammy@^1.17.1:
  version "1.17.2"
  resolved "https://registry.yarnpkg.com/grammy/-/grammy-1.17.2.tgz#e6e081297b5d438c1344338e6b6013a3ddb7a2ec"
  integrity sha512-5TuAzqxupkVcKXB5Jfl8F9GMXgGh/h/RcoOJThlQSJz2MMT2+2o+W/7C8ZULzrZ4TEB9TIIliPR6UW0J+1fT4w==
  dependencies:
    "@grammyjs/types" "3.1.2"
    abort-controller "^3.0.0"
    debug "^4.3.4"
    node-fetch "^2.6.11"

isomorphic-fetch@^3.0.0:
  version "3.0.0"
  resolved "https://registry.yarnpkg.com/isomorphic-fetch/-/isomorphic-fetch-3.0.0.tgz#0267b005049046d2421207215d45d6a262b8b8b4"
  integrity sha512-qvUtwJ3j6qwsF3jLxkZ72qCgjMysPzDfeV240JHiGZsANBYd+EEuu35v7dfrJ9Up0Ak07D7GGSkGhCHTqg/5wA==
  dependencies:
    node-fetch "^2.6.1"
    whatwg-fetch "^3.4.1"

ms@2.1.2:
  version "2.1.2"
  resolved "https://registry.yarnpkg.com/ms/-/ms-2.1.2.tgz#d09d1f357b443f493382a8eb3ccd183872ae6009"
  integrity sha512-sGkPx+VjMtmA6MX27oA4FBFELFCZZ4S4XqeGOXCv68tT+jb3vk/RyaKWP0PTKyWtmLSM0b+adUTEvbs1PEaH2w==

node-fetch@^2.6.1, node-fetch@^2.6.11:
  version "2.6.12"
  resolved "https://registry.yarnpkg.com/node-fetch/-/node-fetch-2.6.12.tgz#02eb8e22074018e3d5a83016649d04df0e348fba"
  integrity sha512-C/fGU2E8ToujUivIO0H+tpQ6HWo4eEmchoPIoXtxCrVghxdKq+QOHqEZW7tuP3KlV3bC8FRMO5nMCC7Zm1VP6g==
  dependencies:
    whatwg-url "^5.0.0"

tr46@~0.0.3:
  version "0.0.3"
  resolved "https://registry.yarnpkg.com/tr46/-/tr46-0.0.3.tgz#8184fd347dac9cdc185992f3a6622e14b9d9ab6a"
  integrity sha512-N3WMsuqV66lT30CrXNbEjx4GEwlow3v6rr4mCcv6prnfwhS01rkgyFdjPNBYd9br7LpXV1+Emh01fHnq2Gdgrw==

webidl-conversions@^3.0.0:
  version "3.0.1"
  resolved "https://registry.yarnpkg.com/webidl-conversions/-/webidl-conversions-3.0.1.tgz#24534275e2a7bc6be7bc86611cc16ae0a5654871"
  integrity sha512-2JAn3z8AR6rjK8Sm8orRC0h/bcl/DqL7tRPdGZ4I1CjdF+EaMLmYxBHyXuKL849eucPFhvBoxMsflfOb8kxaeQ==

whatwg-fetch@^3.4.1:
  version "3.6.17"
  resolved "https://registry.yarnpkg.com/whatwg-fetch/-/whatwg-fetch-3.6.17.tgz#009bbbfc122b227b74ba1ff31536b3a1a0e0e212"
  integrity sha512-c4ghIvG6th0eudYwKZY5keb81wtFz9/WeAHAoy8+r18kcWlitUIrmGFQ2rWEl4UCKUilD3zCLHOIPheHx5ypRQ==

whatwg-url@^5.0.0:
  version "5.0.0"
  resolved "https://registry.yarnpkg.com/whatwg-url/-/whatwg-url-5.0.0.tgz#966454e8765462e37644d3626f6742ce8b70965d"
  integrity sha512-saE57nupxk6v3HY35+jzBwYa0rKSy0XR8JSxZPwgLr7ys0IBzhGviA1/TUGJLmSVqs8pb9AnvICXEuOHLprYTw==
  dependencies:
    tr46 "~0.0.3"
    webidl-conversions "^3.0.0"
